
Microsoft Visual Studio Solution File, Format Version 12.00
# Visual Studio Version 17
VisualStudioVersion = 17.5.002.0
MinimumVisualStudioVersion = 10.0.40219.1
Project("{9A19103F-16F7-4668-BE54-9A1E7A4F7556}") = "C# Threads", "C# Threads\C# Threads.csproj", "{E7E14DF3-80B6-44DB-8D1A-FDB08F20829C}"
EndProject
Project("{9A19103F-16F7-4668-BE54-9A1E7A4F7556}") = "C# Volatile", "C# Volatile\C# Volatile.csproj", "{E58D8201-0E61-4E58-AF4A-20A40035AC28}"
EndProject
Global
	GlobalSection(SolutionConfigurationPlatforms) = preSolution
		Debug|Any CPU = Debug|Any CPU
		Release|Any CPU = Release|Any CPU
	EndGlobalSection
	GlobalSection(ProjectConfigurationPlatforms) = postSolution
		{E7E14DF3-80B6-44DB-8D1A-FDB08F20829C}.Debug|Any CPU.ActiveCfg = Debug|Any CPU
		{E7E14DF3-80B6-44DB-8D1A-FDB08F20829C}.Debug|Any CPU.Build.0 = Debug|Any CPU
		{E7E14DF3-80B6-44DB-8D1A-FDB08F20829C}.Release|Any CPU.ActiveCfg = Release|Any CPU
		{E7E14DF3-80B6-44DB-8D1A-FDB08F20829C}.Release|Any CPU.Build.0 = Release|Any CPU
		{E58D8201-0E61-4E58-AF4A-20A40035AC28}.Debug|Any CPU.ActiveCfg = Debug|Any CPU
		{E58D8201-0E61-4E58-AF4A-20A40035AC28}.Debug|Any CPU.Build.0 = Debug|Any CPU
		{E58D8201-0E61-4E58-AF4A-20A40035AC28}.Release|Any CPU.ActiveCfg = Release|Any CPU
		{E58D8201-0E61-4E58-AF4A-20A40035AC28}.Release|Any CPU.Build.0 = Release|Any CPU
	EndGlobalSection
	GlobalSection(SolutionProperties) = preSolution
		HideSolutionNode = FALSE
	EndGlobalSection
	GlobalSection(ExtensibilityGlobals) = postSolution
		SolutionGuid = {112A355B-92ED-4B5E-8225-BB29E9D54DFD}
	EndGlobalSection
EndGlobal
